
Microsoft Visual Studio Solution File, Format Version 12.00
Project("{2150E333-8FDC-42A3-9474-1A3956D46DE8}") = "AddToProject", "AddToProject", "{188E47C0-08A0-4743-977A-FFA47BC5DC72}"
EndProject
Project("{2150E333-8FDC-42A3-9474-1A3956D46DE8}") = "CreateProject", "CreateProject", "{7B6F9ECE-8BA0-4543-8137-DDD497E91CB0}"
EndProject
Project("{2150E333-8FDC-42A3-9474-1A3956D46DE8}") = "net5", "net5", "{53275F59-FD43-48FD-BA4B-FAC32D872A75}"
EndProject
Project("{2150E333-8FDC-42A3-9474-1A3956D46DE8}") = "netcore3.1", "netcore3.1", "{F2185C30-E095-4021-8B50-4F6BE544FB4C}"
EndProject
Project("{FAE04EC0-301F-11D3-BF4B-00C04F79EFBC}") = "ConsoleApp", "ConsoleApp\ConsoleApp.csproj", "{E331C5FA-F713-4E75-AFFD-6460DC97409A}"
EndProject
Project("{FAE04EC0-301F-11D3-BF4B-00C04F79EFBC}") = "WebApplication", "WebApplication\WebApplication.csproj", "{50754396-3646-4A5D-9F2E-1307778975E1}"
EndProject
Project("{FAE04EC0-301F-11D3-BF4B-00C04F79EFBC}") = "WorkerService", "WorkerService\WorkerService.csproj", "{E2C11C63-1C36-403C-B367-DB098ED2A5C2}"
EndProject
Project("{FAE04EC0-301F-11D3-BF4B-00C04F79EFBC}") = "ConsoleApp3_1", "ConsoleApp3_1\ConsoleApp3_1.csproj", "{541E8A45-8F56-45DE-8315-1FF4CFC470D9}"
EndProject
Project("{FAE04EC0-301F-11D3-BF4B-00C04F79EFBC}") = "WebApplicationJS", "WebApplicationJS\WebApplicationJS.csproj", "{8ABE4C5C-EA7B-43CE-84FA-D730537F12A5}"
EndProject
Project("{FAE04EC0-301F-11D3-BF4B-00C04F79EFBC}") = "ClassLibrary", "ClassLibrary\ClassLibrary.csproj", "{0378BCE2-6BCF-4E6D-B84B-30531A65DB98}"
EndProject
Global
	GlobalSection(SolutionConfigurationPlatforms) = preSolution
		Debug|Any CPU = Debug|Any CPU
		Release|Any CPU = Release|Any CPU
	EndGlobalSection
	GlobalSection(ProjectConfigurationPlatforms) = postSolution
		{E331C5FA-F713-4E75-AFFD-6460DC97409A}.Debug|Any CPU.ActiveCfg = Debug|Any CPU
		{E331C5FA-F713-4E75-AFFD-6460DC97409A}.Debug|Any CPU.Build.0 = Debug|Any CPU
		{E331C5FA-F713-4E75-AFFD-6460DC97409A}.Release|Any CPU.ActiveCfg = Release|Any CPU
		{E331C5FA-F713-4E75-AFFD-6460DC97409A}.Release|Any CPU.Build.0 = Release|Any CPU
		{50754396-3646-4A5D-9F2E-1307778975E1}.Debug|Any CPU.ActiveCfg = Debug|Any CPU
		{50754396-3646-4A5D-9F2E-1307778975E1}.Debug|Any CPU.Build.0 = Debug|Any CPU
		{50754396-3646-4A5D-9F2E-1307778975E1}.Release|Any CPU.ActiveCfg = Release|Any CPU
		{50754396-3646-4A5D-9F2E-1307778975E1}.Release|Any CPU.Build.0 = Release|Any CPU
		{E2C11C63-1C36-403C-B367-DB098ED2A5C2}.Debug|Any CPU.ActiveCfg = Debug|Any CPU
		{E2C11C63-1C36-403C-B367-DB098ED2A5C2}.Debug|Any CPU.Build.0 = Debug|Any CPU
		{E2C11C63-1C36-403C-B367-DB098ED2A5C2}.Release|Any CPU.ActiveCfg = Release|Any CPU
		{E2C11C63-1C36-403C-B367-DB098ED2A5C2}.Release|Any CPU.Build.0 = Release|Any CPU
		{541E8A45-8F56-45DE-8315-1FF4CFC470D9}.Debug|Any CPU.ActiveCfg = Debug|Any CPU
		{541E8A45-8F56-45DE-8315-1FF4CFC470D9}.Debug|Any CPU.Build.0 = Debug|Any CPU
		{541E8A45-8F56-45DE-8315-1FF4CFC470D9}.Release|Any CPU.ActiveCfg = Release|Any CPU
		{541E8A45-8F56-45DE-8315-1FF4CFC470D9}.Release|Any CPU.Build.0 = Release|Any CPU
		{8ABE4C5C-EA7B-43CE-84FA-D730537F12A5}.Debug|Any CPU.ActiveCfg = Debug|Any CPU
		{8ABE4C5C-EA7B-43CE-84FA-D730537F12A5}.Debug|Any CPU.Build.0 = Debug|Any CPU
		{8ABE4C5C-EA7B-43CE-84FA-D730537F12A5}.Release|Any CPU.ActiveCfg = Release|Any CPU
		{8ABE4C5C-EA7B-43CE-84FA-D730537F12A5}.Release|Any CPU.Build.0 = Release|Any CPU
		{0378BCE2-6BCF-4E6D-B84B-30531A65DB98}.Debug|Any CPU.ActiveCfg = Debug|Any CPU
		{0378BCE2-6BCF-4E6D-B84B-30531A65DB98}.Debug|Any CPU.Build.0 = Debug|Any CPU
		{0378BCE2-6BCF-4E6D-B84B-30531A65DB98}.Release|Any CPU.ActiveCfg = Release|Any CPU
		{0378BCE2-6BCF-4E6D-B84B-30531A65DB98}.Release|Any CPU.Build.0 = Release|Any CPU
	EndGlobalSection
	GlobalSection(NestedProjects) = preSolution
		{53275F59-FD43-48FD-BA4B-FAC32D872A75} = {188E47C0-08A0-4743-977A-FFA47BC5DC72}
		{F2185C30-E095-4021-8B50-4F6BE544FB4C} = {188E47C0-08A0-4743-977A-FFA47BC5DC72}
		{E331C5FA-F713-4E75-AFFD-6460DC97409A} = {53275F59-FD43-48FD-BA4B-FAC32D872A75}
		{50754396-3646-4A5D-9F2E-1307778975E1} = {53275F59-FD43-48FD-BA4B-FAC32D872A75}
		{E2C11C63-1C36-403C-B367-DB098ED2A5C2} = {53275F59-FD43-48FD-BA4B-FAC32D872A75}
		{541E8A45-8F56-45DE-8315-1FF4CFC470D9} = {F2185C30-E095-4021-8B50-4F6BE544FB4C}
		{8ABE4C5C-EA7B-43CE-84FA-D730537F12A5} = {53275F59-FD43-48FD-BA4B-FAC32D872A75}
		{0378BCE2-6BCF-4E6D-B84B-30531A65DB98} = {53275F59-FD43-48FD-BA4B-FAC32D872A75}
	EndGlobalSection
EndGlobal
